
Microsoft Visual Studio Solution File, Format Version 12.00
# Visual Studio 15
Project("{FAE04EC0-301F-11D3-BF4B-00C04F79EFBC}") = "BeesApp", "BeesApp\BeesApp.csproj", "{FABD924E-A01D-4057-B036-14DABC833176}"
EndProject
Global
	GlobalSection(SolutionConfigurationPlatforms) = preSolution
		Debug|Any CPU = Debug|Any CPU
		Release|Any CPU = Release|Any CPU
	EndGlobalSection
	GlobalSection(ProjectConfigurationPlatforms) = postSolution
		{FABD924E-A01D-4057-B036-14DABC833176}.Debug|Any CPU.ActiveCfg = Debug|Any CPU
		{FABD924E-A01D-4057-B036-14DABC833176}.Debug|Any CPU.Build.0 = Debug|Any CPU
		{FABD924E-A01D-4057-B036-14DABC833176}.Release|Any CPU.ActiveCfg = Release|Any CPU
		{FABD924E-A01D-4057-B036-14DABC833176}.Release|Any CPU.Build.0 = Release|Any CPU
	EndGlobalSection
EndGlobal
